golang.org/x/net v0.0.0-20171107184841-a337091b0525 h1:KtEW9ll78DlakrUaoIv2p6oozE+wN/abax8yB4Y8+Fs=
golang.org/x/net v0.0.0-20171107184841-a337091b0525/go.mod h1:mL1N/T3taQHkDXs73rZJwtUhF3w3ftmwwsq0BUmARs4=
golang.org/x/tools v0.0.0-20171109225528-bce7a99f8ae8 h1:Lq4HleG3TcH9tXxcrxQZ0jg32wdQtPPL2XYHbKwlTyo=
golang.org/x/tools v0.0.0-20171109225528-bce7a99f8ae8/go.mod h1:n7NCudcB/nEzxVGmLbDWY5pfWTLqBcC2KZ6jyYvM4mQ=
golang.org/x/tour v0.1.0 h1:OWzbINRoGf1wwBhKdFDpYwM88NM0d1SL/Nj6PagS6YE=
golang.org/x/tour v0.1.0/go.mod h1:DUZC6G8mR1AXgXy73r8qt/G5RsefKIlSj6jBMc8b9Wc=
